
Microsoft Visual Studio Solution File, Format Version 12.00
# Visual Studio Version 17
VisualStudioVersion = 17.9.34607.119
MinimumVisualStudioVersion = 10.0.40219.1
Project("{FAE04EC0-301F-11D3-BF4B-00C04F79EFBC}") = "URV-Colony", "URV-Colony\URV-Colony.csproj", "{EF9A14E9-CFD1-427A-B5D8-3B3A8C5A4F76}"
EndProject
Global
	GlobalSection(SolutionConfigurationPlatforms) = preSolution
		Debug|Any CPU = Debug|Any CPU
		Release|Any CPU = Release|Any CPU
	EndGlobalSection
	GlobalSection(ProjectConfigurationPlatforms) = postSolution
		{EF9A14E9-CFD1-427A-B5D8-3B3A8C5A4F76}.Debug|Any CPU.ActiveCfg = Debug|Any CPU
		{EF9A14E9-CFD1-427A-B5D8-3B3A8C5A4F76}.Debug|Any CPU.Build.0 = Debug|Any CPU
		{EF9A14E9-CFD1-427A-B5D8-3B3A8C5A4F76}.Release|Any CPU.ActiveCfg = Release|Any CPU
		{EF9A14E9-CFD1-427A-B5D8-3B3A8C5A4F76}.Release|Any CPU.Build.0 = Release|Any CPU
	EndGlobalSection
	GlobalSection(SolutionProperties) = preSolution
		HideSolutionNode = FALSE
	EndGlobalSection
	GlobalSection(ExtensibilityGlobals) = postSolution
		SolutionGuid = {7A1419EE-AFD4-4574-96C2-BBDA84931FA5}
	EndGlobalSection
EndGlobal
